
Microsoft Visual Studio Solution File, Format Version 12.00
# Visual Studio Version 17
VisualStudioVersion = 17.7.34024.191
MinimumVisualStudioVersion = 10.0.40219.1
Project("{FAE04EC0-301F-11D3-BF4B-00C04F79EFBC}") = "laba6", "laba6\laba6.csproj", "{4D30ADD7-9AD9-4EBB-ADE7-DCE62BBB7327}"
EndProject
Global
	GlobalSection(SolutionConfigurationPlatforms) = preSolution
		Debug|Any CPU = Debug|Any CPU
		Release|Any CPU = Release|Any CPU
	EndGlobalSection
	GlobalSection(ProjectConfigurationPlatforms) = postSolution
		{4D30ADD7-9AD9-4EBB-ADE7-DCE62BBB7327}.Debug|Any CPU.ActiveCfg = Debug|Any CPU
		{4D30ADD7-9AD9-4EBB-ADE7-DCE62BBB7327}.Debug|Any CPU.Build.0 = Debug|Any CPU
		{4D30ADD7-9AD9-4EBB-ADE7-DCE62BBB7327}.Release|Any CPU.ActiveCfg = Release|Any CPU
		{4D30ADD7-9AD9-4EBB-ADE7-DCE62BBB7327}.Release|Any CPU.Build.0 = Release|Any CPU
	EndGlobalSection
	GlobalSection(SolutionProperties) = preSolution
		HideSolutionNode = FALSE
	EndGlobalSection
	GlobalSection(ExtensibilityGlobals) = postSolution
		SolutionGuid = {0ACC69FF-FBF4-4E2F-AA6E-709AF579F246}
	EndGlobalSection
EndGlobal
